<?xml version="1.0" encoding="utf-8"?>
<Project ToolsVersion="4.0" xmlns="http://schemas.microsoft.com/developer/msbuild/2003">
  <ItemGroup>
    <ClInclude Include="Source\XLib.Graphics.h" />
    <ClInclude Include="Source\XLib.Graphics.Internal.Shaders.h" />
  </ItemGroup>
  <ItemGroup>
    <ClCompile Include="Source\XLib.Graphics.cpp" />
    <ClCompile Include="Source\XLib.Graphics.Internal.Shaders.cpp" />
  </ItemGroup>
  <ItemGroup>
    <FxCompile Include="Source\Shaders\Color2DVS.hlsl" />
    <FxCompile Include="Source\Shaders\ColorPS.hlsl" />
  </ItemGroup>
</Project>